
Microsoft Visual Studio Solution File, Format Version 12.00
# Visual Studio Version 17
VisualStudioVersion = 17.11.35312.102
MinimumVisualStudioVersion = 10.0.40219.1
Project("{2150E333-8FDC-42A3-9474-1A3956D46DE8}") = "Services", "Services", "{B56FF550-F5B6-46B5-A167-6C09FD63BFA3}"
EndProject
Project("{2150E333-8FDC-42A3-9474-1A3956D46DE8}") = "Catalog", "Catalog", "{1C44F60B-D4D0-459A-B9D6-0346A08D4CB5}"
EndProject
Project("{9A19103F-16F7-4668-BE54-9A1E7A4F7556}") = "Catalog.API", "Services\Catalog\Catalog.API\Catalog.API.csproj", "{CA0D6FDB-3FC4-4F59-88EF-F465B4C83783}"
EndProject
Project("{9A19103F-16F7-4668-BE54-9A1E7A4F7556}") = "Catalog.Application", "Services\Catalog\Catalog.Application\Catalog.Application.csproj", "{A9AB0A02-0428-4790-B9F5-357DFD525951}"
EndProject
Project("{9A19103F-16F7-4668-BE54-9A1E7A4F7556}") = "Catalog.Core", "Services\Catalog\Catalog.Core\Catalog.Core.csproj", "{84B19FD2-DCE3-4936-9108-627E402DA6EC}"
EndProject
Project("{9A19103F-16F7-4668-BE54-9A1E7A4F7556}") = "Catalog.Infrastructure", "Services\Catalog\Catalog.Infrastructure\Catalog.Infrastructure.csproj", "{0AE9D02A-269C-4CC8-A78C-C0910B8F9272}"
EndProject
Project("{E53339B2-1760-4266-BCC7-CA923CBCF16C}") = "docker-compose", "docker-compose.dcproj", "{5583354B-6EFD-427E-9C0C-351D1C0FEE1C}"
EndProject
Project("{2150E333-8FDC-42A3-9474-1A3956D46DE8}") = "Basket", "Basket", "{F4363EE2-E263-4A86-B3E4-4B51DE10FB06}"
EndProject
Project("{9A19103F-16F7-4668-BE54-9A1E7A4F7556}") = "Basket.API", "Services\Basket\Basket.API\Basket.API.csproj", "{C8F0FE2B-64B9-4598-A308-BE1227EB517D}"
EndProject
Project("{9A19103F-16F7-4668-BE54-9A1E7A4F7556}") = "Basket.Core", "Services\Basket\Basket.Core\Basket.Core.csproj", "{F32111C3-A4BD-4828-B7D7-26DA913DE666}"
EndProject
Project("{9A19103F-16F7-4668-BE54-9A1E7A4F7556}") = "Basket.Application", "Services\Basket\Basket.Application\Basket.Application.csproj", "{0CEFE6B8-5B5C-4C1D-8953-5A42C4139691}"
EndProject
Project("{9A19103F-16F7-4668-BE54-9A1E7A4F7556}") = "Basket.Infrastructure", "Services\Basket\Basket.Infrastructure\Basket.Infrastructure.csproj", "{B48149B9-676B-4371-9D7B-2E0D8D5DB747}"
EndProject
Project("{2150E333-8FDC-42A3-9474-1A3956D46DE8}") = "Discount", "Discount", "{0D37C6D0-4989-4461-9988-6C2FCEFC6C32}"
EndProject
Project("{FAE04EC0-301F-11D3-BF4B-00C04F79EFBC}") = "Discount.API", "Services\Discount\Discount.API\Discount.API.csproj", "{4B651171-FB84-4A7D-B71D-1DD99D972458}"
EndProject
Project("{FAE04EC0-301F-11D3-BF4B-00C04F79EFBC}") = "Discount.Application", "Services\Discount\Discount.Application\Discount.Application.csproj", "{88BFDA62-F5FA-4472-9798-5EA5F39906F5}"
EndProject
Project("{FAE04EC0-301F-11D3-BF4B-00C04F79EFBC}") = "Discount.Core", "Services\Discount\Discount.Core\Discount.Core.csproj", "{005E0948-CDBE-4E27-816E-52067EF03347}"
EndProject
Project("{FAE04EC0-301F-11D3-BF4B-00C04F79EFBC}") = "Discount.Infrastructure", "Services\Discount\Discount.Infrastructure\Discount.Infrastructure.csproj", "{A932B816-C205-45A7-A3AC-4A4FB8800202}"
EndProject
Global
	GlobalSection(SolutionConfigurationPlatforms) = preSolution
		Debug|Any CPU = Debug|Any CPU
		Release|Any CPU = Release|Any CPU
	EndGlobalSection
	GlobalSection(ProjectConfigurationPlatforms) = postSolution
		{CA0D6FDB-3FC4-4F59-88EF-F465B4C83783}.Debug|Any CPU.ActiveCfg = Debug|Any CPU
		{CA0D6FDB-3FC4-4F59-88EF-F465B4C83783}.Debug|Any CPU.Build.0 = Debug|Any CPU
		{CA0D6FDB-3FC4-4F59-88EF-F465B4C83783}.Release|Any CPU.ActiveCfg = Release|Any CPU
		{CA0D6FDB-3FC4-4F59-88EF-F465B4C83783}.Release|Any CPU.Build.0 = Release|Any CPU
		{A9AB0A02-0428-4790-B9F5-357DFD525951}.Debug|Any CPU.ActiveCfg = Debug|Any CPU
		{A9AB0A02-0428-4790-B9F5-357DFD525951}.Debug|Any CPU.Build.0 = Debug|Any CPU
		{A9AB0A02-0428-4790-B9F5-357DFD525951}.Release|Any CPU.ActiveCfg = Release|Any CPU
		{A9AB0A02-0428-4790-B9F5-357DFD525951}.Release|Any CPU.Build.0 = Release|Any CPU
		{84B19FD2-DCE3-4936-9108-627E402DA6EC}.Debug|Any CPU.ActiveCfg = Debug|Any CPU
		{84B19FD2-DCE3-4936-9108-627E402DA6EC}.Debug|Any CPU.Build.0 = Debug|Any CPU
		{84B19FD2-DCE3-4936-9108-627E402DA6EC}.Release|Any CPU.ActiveCfg = Release|Any CPU
		{84B19FD2-DCE3-4936-9108-627E402DA6EC}.Release|Any CPU.Build.0 = Release|Any CPU
		{0AE9D02A-269C-4CC8-A78C-C0910B8F9272}.Debug|Any CPU.ActiveCfg = Debug|Any CPU
		{0AE9D02A-269C-4CC8-A78C-C0910B8F9272}.Debug|Any CPU.Build.0 = Debug|Any CPU
		{0AE9D02A-269C-4CC8-A78C-C0910B8F9272}.Release|Any CPU.ActiveCfg = Release|Any CPU
		{0AE9D02A-269C-4CC8-A78C-C0910B8F9272}.Release|Any CPU.Build.0 = Release|Any CPU
		{5583354B-6EFD-427E-9C0C-351D1C0FEE1C}.Debug|Any CPU.ActiveCfg = Debug|Any CPU
		{5583354B-6EFD-427E-9C0C-351D1C0FEE1C}.Debug|Any CPU.Build.0 = Debug|Any CPU
		{5583354B-6EFD-427E-9C0C-351D1C0FEE1C}.Release|Any CPU.ActiveCfg = Release|Any CPU
		{5583354B-6EFD-427E-9C0C-351D1C0FEE1C}.Release|Any CPU.Build.0 = Release|Any CPU
		{C8F0FE2B-64B9-4598-A308-BE1227EB517D}.Debug|Any CPU.ActiveCfg = Debug|Any CPU
		{C8F0FE2B-64B9-4598-A308-BE1227EB517D}.Debug|Any CPU.Build.0 = Debug|Any CPU
		{C8F0FE2B-64B9-4598-A308-BE1227EB517D}.Release|Any CPU.ActiveCfg = Release|Any CPU
		{C8F0FE2B-64B9-4598-A308-BE1227EB517D}.Release|Any CPU.Build.0 = Release|Any CPU
		{F32111C3-A4BD-4828-B7D7-26DA913DE666}.Debug|Any CPU.ActiveCfg = Debug|Any CPU
		{F32111C3-A4BD-4828-B7D7-26DA913DE666}.Debug|Any CPU.Build.0 = Debug|Any CPU
		{F32111C3-A4BD-4828-B7D7-26DA913DE666}.Release|Any CPU.ActiveCfg = Release|Any CPU
		{F32111C3-A4BD-4828-B7D7-26DA913DE666}.Release|Any CPU.Build.0 = Release|Any CPU
		{0CEFE6B8-5B5C-4C1D-8953-5A42C4139691}.Debug|Any CPU.ActiveCfg = Debug|Any CPU
		{0CEFE6B8-5B5C-4C1D-8953-5A42C4139691}.Debug|Any CPU.Build.0 = Debug|Any CPU
		{0CEFE6B8-5B5C-4C1D-8953-5A42C4139691}.Release|Any CPU.ActiveCfg = Release|Any CPU
		{0CEFE6B8-5B5C-4C1D-8953-5A42C4139691}.Release|Any CPU.Build.0 = Release|Any CPU
		{B48149B9-676B-4371-9D7B-2E0D8D5DB747}.Debug|Any CPU.ActiveCfg = Debug|Any CPU
		{B48149B9-676B-4371-9D7B-2E0D8D5DB747}.Debug|Any CPU.Build.0 = Debug|Any CPU
		{B48149B9-676B-4371-9D7B-2E0D8D5DB747}.Release|Any CPU.ActiveCfg = Release|Any CPU
		{B48149B9-676B-4371-9D7B-2E0D8D5DB747}.Release|Any CPU.Build.0 = Release|Any CPU
		{4B651171-FB84-4A7D-B71D-1DD99D972458}.Debug|Any CPU.ActiveCfg = Debug|Any CPU
		{4B651171-FB84-4A7D-B71D-1DD99D972458}.Debug|Any CPU.Build.0 = Debug|Any CPU
		{4B651171-FB84-4A7D-B71D-1DD99D972458}.Release|Any CPU.ActiveCfg = Release|Any CPU
		{4B651171-FB84-4A7D-B71D-1DD99D972458}.Release|Any CPU.Build.0 = Release|Any CPU
		{88BFDA62-F5FA-4472-9798-5EA5F39906F5}.Debug|Any CPU.ActiveCfg = Debug|Any CPU
		{88BFDA62-F5FA-4472-9798-5EA5F39906F5}.Debug|Any CPU.Build.0 = Debug|Any CPU
		{88BFDA62-F5FA-4472-9798-5EA5F39906F5}.Release|Any CPU.ActiveCfg = Release|Any CPU
		{88BFDA62-F5FA-4472-9798-5EA5F39906F5}.Release|Any CPU.Build.0 = Release|Any CPU
		{005E0948-CDBE-4E27-816E-52067EF03347}.Debug|Any CPU.ActiveCfg = Debug|Any CPU
		{005E0948-CDBE-4E27-816E-52067EF03347}.Debug|Any CPU.Build.0 = Debug|Any CPU
		{005E0948-CDBE-4E27-816E-52067EF03347}.Release|Any CPU.ActiveCfg = Release|Any CPU
		{005E0948-CDBE-4E27-816E-52067EF03347}.Release|Any CPU.Build.0 = Release|Any CPU
		{A932B816-C205-45A7-A3AC-4A4FB8800202}.Debug|Any CPU.ActiveCfg = Debug|Any CPU
		{A932B816-C205-45A7-A3AC-4A4FB8800202}.Debug|Any CPU.Build.0 = Debug|Any CPU
		{A932B816-C205-45A7-A3AC-4A4FB8800202}.Release|Any CPU.ActiveCfg = Release|Any CPU
		{A932B816-C205-45A7-A3AC-4A4FB8800202}.Release|Any CPU.Build.0 = Release|Any CPU
	EndGlobalSection
	GlobalSection(SolutionProperties) = preSolution
		HideSolutionNode = FALSE
	EndGlobalSection
	GlobalSection(NestedProjects) = preSolution
		{1C44F60B-D4D0-459A-B9D6-0346A08D4CB5} = {B56FF550-F5B6-46B5-A167-6C09FD63BFA3}
		{CA0D6FDB-3FC4-4F59-88EF-F465B4C83783} = {1C44F60B-D4D0-459A-B9D6-0346A08D4CB5}
		{A9AB0A02-0428-4790-B9F5-357DFD525951} = {1C44F60B-D4D0-459A-B9D6-0346A08D4CB5}
		{84B19FD2-DCE3-4936-9108-627E402DA6EC} = {1C44F60B-D4D0-459A-B9D6-0346A08D4CB5}
		{0AE9D02A-269C-4CC8-A78C-C0910B8F9272} = {1C44F60B-D4D0-459A-B9D6-0346A08D4CB5}
		{F4363EE2-E263-4A86-B3E4-4B51DE10FB06} = {B56FF550-F5B6-46B5-A167-6C09FD63BFA3}
		{C8F0FE2B-64B9-4598-A308-BE1227EB517D} = {F4363EE2-E263-4A86-B3E4-4B51DE10FB06}
		{F32111C3-A4BD-4828-B7D7-26DA913DE666} = {F4363EE2-E263-4A86-B3E4-4B51DE10FB06}
		{0CEFE6B8-5B5C-4C1D-8953-5A42C4139691} = {F4363EE2-E263-4A86-B3E4-4B51DE10FB06}
		{B48149B9-676B-4371-9D7B-2E0D8D5DB747} = {F4363EE2-E263-4A86-B3E4-4B51DE10FB06}
		{0D37C6D0-4989-4461-9988-6C2FCEFC6C32} = {B56FF550-F5B6-46B5-A167-6C09FD63BFA3}
		{4B651171-FB84-4A7D-B71D-1DD99D972458} = {0D37C6D0-4989-4461-9988-6C2FCEFC6C32}
		{88BFDA62-F5FA-4472-9798-5EA5F39906F5} = {0D37C6D0-4989-4461-9988-6C2FCEFC6C32}
		{005E0948-CDBE-4E27-816E-52067EF03347} = {0D37C6D0-4989-4461-9988-6C2FCEFC6C32}
		{A932B816-C205-45A7-A3AC-4A4FB8800202} = {0D37C6D0-4989-4461-9988-6C2FCEFC6C32}
	EndGlobalSection
	GlobalSection(ExtensibilityGlobals) = postSolution
		SolutionGuid = {3653A6DC-E939-40EE-8E6A-543E20CD8314}
	EndGlobalSection
EndGlobal
